
Microsoft Visual Studio Solution File, Format Version 12.00
# Visual Studio Version 17
VisualStudioVersion = 17.8.34330.188
MinimumVisualStudioVersion = 10.0.40219.1
Project("{FAE04EC0-301F-11D3-BF4B-00C04F79EFBC}") = "Konsola", "Konsola\Konsola.csproj", "{874F2B20-A7C3-461C-A1A1-AE6C476EF9EF}"
EndProject
Global
	GlobalSection(SolutionConfigurationPlatforms) = preSolution
		Debug|Any CPU = Debug|Any CPU
		Release|Any CPU = Release|Any CPU
	EndGlobalSection
	GlobalSection(ProjectConfigurationPlatforms) = postSolution
		{874F2B20-A7C3-461C-A1A1-AE6C476EF9EF}.Debug|Any CPU.ActiveCfg = Debug|Any CPU
		{874F2B20-A7C3-461C-A1A1-AE6C476EF9EF}.Debug|Any CPU.Build.0 = Debug|Any CPU
		{874F2B20-A7C3-461C-A1A1-AE6C476EF9EF}.Release|Any CPU.ActiveCfg = Release|Any CPU
		{874F2B20-A7C3-461C-A1A1-AE6C476EF9EF}.Release|Any CPU.Build.0 = Release|Any CPU
	EndGlobalSection
	GlobalSection(SolutionProperties) = preSolution
		HideSolutionNode = FALSE
	EndGlobalSection
	GlobalSection(ExtensibilityGlobals) = postSolution
		SolutionGuid = {54AE6FB9-FEA7-4EEF-BD8A-EE1D2696CC1E}
	EndGlobalSection
EndGlobal
